
Microsoft Visual Studio Solution File, Format Version 12.00
# Visual Studio Version 16
VisualStudioVersion = 16.0.31321.278
MinimumVisualStudioVersion = 10.0.40219.1
Project("{FAE04EC0-301F-11D3-BF4B-00C04F79EFBC}") = "DirectEmailResults", "NetEmail\DirectEmailResults.csproj", "{9E832C95-8D23-4122-801F-F4F352C6D106}"
EndProject
Project("{FAE04EC0-301F-11D3-BF4B-00C04F79EFBC}") = "DirectEmailResults.Utility", "NetMail.Utility\DirectEmailResults.Utility.csproj", "{F409496E-E8D7-4DA2-849F-BCD6B9E19952}"
EndProject
Project("{FAE04EC0-301F-11D3-BF4B-00C04F79EFBC}") = "DataAccessLayer", "DataAccessLayer\DataAccessLayer.csproj", "{5C0A6465-E8A7-4720-850B-1068B6DA3FB4}"
EndProject
Project("{FAE04EC0-301F-11D3-BF4B-00C04F79EFBC}") = "BusniessLayer", "BusniessLayer\BusniessLayer.csproj", "{29E5E006-B6CF-429A-BB43-EEDBBB46E045}"
EndProject
Project("{FAE04EC0-301F-11D3-BF4B-00C04F79EFBC}") = "Models", "Models\Models.csproj", "{E2C7CB01-9E9A-4FF9-B8B2-005F454028BD}"
EndProject
Global
	GlobalSection(SolutionConfigurationPlatforms) = preSolution
		Debug|Any CPU = Debug|Any CPU
		Release|Any CPU = Release|Any CPU
	EndGlobalSection
	GlobalSection(ProjectConfigurationPlatforms) = postSolution
		{9E832C95-8D23-4122-801F-F4F352C6D106}.Debug|Any CPU.ActiveCfg = Debug|Any CPU
		{9E832C95-8D23-4122-801F-F4F352C6D106}.Debug|Any CPU.Build.0 = Debug|Any CPU
		{9E832C95-8D23-4122-801F-F4F352C6D106}.Release|Any CPU.ActiveCfg = Release|Any CPU
		{9E832C95-8D23-4122-801F-F4F352C6D106}.Release|Any CPU.Build.0 = Release|Any CPU
		{F409496E-E8D7-4DA2-849F-BCD6B9E19952}.Debug|Any CPU.ActiveCfg = Debug|Any CPU
		{F409496E-E8D7-4DA2-849F-BCD6B9E19952}.Debug|Any CPU.Build.0 = Debug|Any CPU
		{F409496E-E8D7-4DA2-849F-BCD6B9E19952}.Release|Any CPU.ActiveCfg = Release|Any CPU
		{F409496E-E8D7-4DA2-849F-BCD6B9E19952}.Release|Any CPU.Build.0 = Release|Any CPU
		{5C0A6465-E8A7-4720-850B-1068B6DA3FB4}.Debug|Any CPU.ActiveCfg = Debug|Any CPU
		{5C0A6465-E8A7-4720-850B-1068B6DA3FB4}.Debug|Any CPU.Build.0 = Debug|Any CPU
		{5C0A6465-E8A7-4720-850B-1068B6DA3FB4}.Release|Any CPU.ActiveCfg = Release|Any CPU
		{5C0A6465-E8A7-4720-850B-1068B6DA3FB4}.Release|Any CPU.Build.0 = Release|Any CPU
		{29E5E006-B6CF-429A-BB43-EEDBBB46E045}.Debug|Any CPU.ActiveCfg = Debug|Any CPU
		{29E5E006-B6CF-429A-BB43-EEDBBB46E045}.Debug|Any CPU.Build.0 = Debug|Any CPU
		{29E5E006-B6CF-429A-BB43-EEDBBB46E045}.Release|Any CPU.ActiveCfg = Release|Any CPU
		{29E5E006-B6CF-429A-BB43-EEDBBB46E045}.Release|Any CPU.Build.0 = Release|Any CPU
		{E2C7CB01-9E9A-4FF9-B8B2-005F454028BD}.Debug|Any CPU.ActiveCfg = Debug|Any CPU
		{E2C7CB01-9E9A-4FF9-B8B2-005F454028BD}.Debug|Any CPU.Build.0 = Debug|Any CPU
		{E2C7CB01-9E9A-4FF9-B8B2-005F454028BD}.Release|Any CPU.ActiveCfg = Release|Any CPU
		{E2C7CB01-9E9A-4FF9-B8B2-005F454028BD}.Release|Any CPU.Build.0 = Release|Any CPU
	EndGlobalSection
	GlobalSection(SolutionProperties) = preSolution
		HideSolutionNode = FALSE
	EndGlobalSection
	GlobalSection(ExtensibilityGlobals) = postSolution
		SolutionGuid = {0D8092D2-9FC2-48A7-9824-067E3E1D07AF}
	EndGlobalSection
EndGlobal
